// !$*UTF8*$!
{
	archiveVersion = 1;
	classes = {
	};
	objectVersion = 56;
	objects = {

/* Begin PBXBuildFile section */
		6120918D2C112E6000B4F6B1 /* TaskDataManager.swift in Sources */ = {isa = PBXBuildFile; fileRef = 6120918C2C112E6000B4F6B1 /* TaskDataManager.swift */; };
		6152D87C2C0FDB140026F8F6 /* CalendarSplash.storyboard in Resources */ = {isa = PBXBuildFile; fileRef = 6152D87B2C0FDB140026F8F6 /* CalendarSplash.storyboard */; };
		6155842C2BFD78B5004E698A /* CalendarAppApp.swift in Sources */ = {isa = PBXBuildFile; fileRef = 6155842B2BFD78B5004E698A /* CalendarAppApp.swift */; };
		6155842E2BFD78B5004E698A /* MainView.swift in Sources */ = {isa = PBXBuildFile; fileRef = 6155842D2BFD78B5004E698A /* MainView.swift */; };
		615584302BFD78B8004E698A /* Assets.xcassets in Resources */ = {isa = PBXBuildFile; fileRef = 6155842F2BFD78B8004E698A /* Assets.xcassets */; };
		615584332BFD78B8004E698A /* Preview Assets.xcassets in Resources */ = {isa = PBXBuildFile; fileRef = 615584322BFD78B8004E698A /* Preview Assets.xcassets */; };
		6155843A2BFD9863004E698A /* Task.swift in Sources */ = {isa = PBXBuildFile; fileRef = 615584392BFD9863004E698A /* Task.swift */; };
		6155843C2BFD98C5004E698A /* NewTask.swift in Sources */ = {isa = PBXBuildFile; fileRef = 6155843B2BFD98C5004E698A /* NewTask.swift */; };
		6155843E2BFDAD80004E698A /* TaskItem.swift in Sources */ = {isa = PBXBuildFile; fileRef = 6155843D2BFDAD80004E698A /* TaskItem.swift */; };
		615584402BFDB071004E698A /* Utils.swift in Sources */ = {isa = PBXBuildFile; fileRef = 6155843F2BFDB071004E698A /* Utils.swift */; };
/* End PBXBuildFile section */

/* Begin PBXFileReference section */
		6120918C2C112E6000B4F6B1 /* TaskDataManager.swift */ = {isa = PBXFileReference; lastKnownFileType = sourcecode.swift; path = TaskDataManager.swift; sourceTree = "<group>"; };
		6152D87B2C0FDB140026F8F6 /* CalendarSplash.storyboard */ = {isa = PBXFileReference; lastKnownFileType = file.storyboard; path = CalendarSplash.storyboard; sourceTree = "<group>"; };
		615584282BFD78B5004E698A /* NoteCal.app */ = {isa = PBXFileReference; explicitFileType = wrapper.application; includeInIndex = 0; path = NoteCal.app; sourceTree = BUILT_PRODUCTS_DIR; };
		6155842B2BFD78B5004E698A /* CalendarAppApp.swift */ = {isa = PBXFileReference; lastKnownFileType = sourcecode.swift; path = CalendarAppApp.swift; sourceTree = "<group>"; };
		6155842D2BFD78B5004E698A /* MainView.swift */ = {isa = PBXFileReference; lastKnownFileType = sourcecode.swift; path = MainView.swift; sourceTree = "<group>"; };
		6155842F2BFD78B8004E698A /* Assets.xcassets */ = {isa = PBXFileReference; lastKnownFileType = folder.assetcatalog; path = Assets.xcassets; sourceTree = "<group>"; };
		615584322BFD78B8004E698A /* Preview Assets.xcassets */ = {isa = PBXFileReference; lastKnownFileType = folder.assetcatalog; path = "Preview Assets.xcassets"; sourceTree = "<group>"; };
		615584392BFD9863004E698A /* Task.swift */ = {isa = PBXFileReference; lastKnownFileType = sourcecode.swift; path = Task.swift; sourceTree = "<group>"; };
		6155843B2BFD98C5004E698A /* NewTask.swift */ = {isa = PBXFileReference; lastKnownFileType = sourcecode.swift; path = NewTask.swift; sourceTree = "<group>"; };
		6155843D2BFDAD80004E698A /* TaskItem.swift */ = {isa = PBXFileReference; lastKnownFileType = sourcecode.swift; path = TaskItem.swift; sourceTree = "<group>"; };
		6155843F2BFDB071004E698A /* Utils.swift */ = {isa = PBXFileReference; lastKnownFileType = sourcecode.swift; path = Utils.swift; sourceTree = "<group>"; };
		61E5EA832C13B25200E90E9B /* NoteCal.entitlements */ = {isa = PBXFileReference; lastKnownFileType = text.plist.entitlements; path = NoteCal.entitlements; sourceTree = "<group>"; };
/* End PBXFileReference section */

/* Begin PBXFrameworksBuildPhase section */
		615584252BFD78B5004E698A /* Frameworks */ = {
			isa = PBXFrameworksBuildPhase;
			buildActionMask = 2147483647;
			files = (
			);
			runOnlyForDeploymentPostprocessing = 0;
		};
/* End PBXFrameworksBuildPhase section */

/* Begin PBXGroup section */
		6155841F2BFD78B5004E698A = {
			isa = PBXGroup;
			children = (
				6155842A2BFD78B5004E698A /* CalendarApp */,
				615584292BFD78B5004E698A /* Products */,
			);
			sourceTree = "<group>";
		};
		615584292BFD78B5004E698A /* Products */ = {
			isa = PBXGroup;
			children = (
				615584282BFD78B5004E698A /* NoteCal.app */,
			);
			name = Products;
			sourceTree = "<group>";
		};
		6155842A2BFD78B5004E698A /* CalendarApp */ = {
			isa = PBXGroup;
			children = (
				61E5EA832C13B25200E90E9B /* NoteCal.entitlements */,
				6152D87B2C0FDB140026F8F6 /* CalendarSplash.storyboard */,
				6155842B2BFD78B5004E698A /* CalendarAppApp.swift */,
				6155842D2BFD78B5004E698A /* MainView.swift */,
				6155843F2BFDB071004E698A /* Utils.swift */,
				6155843B2BFD98C5004E698A /* NewTask.swift */,
				6155843D2BFDAD80004E698A /* TaskItem.swift */,
				615584392BFD9863004E698A /* Task.swift */,
				6120918C2C112E6000B4F6B1 /* TaskDataManager.swift */,
				6155842F2BFD78B8004E698A /* Assets.xcassets */,
				615584312BFD78B8004E698A /* Preview Content */,
			);
			path = CalendarApp;
			sourceTree = "<group>";
		};
		615584312BFD78B8004E698A /* Preview Content */ = {
			isa = PBXGroup;
			children = (
				615584322BFD78B8004E698A /* Preview Assets.xcassets */,
			);
			path = "Preview Content";
			sourceTree = "<group>";
		};
/* End PBXGroup section */

/* Begin PBXNativeTarget section */
		615584272BFD78B5004E698A /* NoteCal */ = {
			isa = PBXNativeTarget;
			buildConfigurationList = 615584362BFD78B8004E698A /* Build configuration list for PBXNativeTarget "NoteCal" */;
			buildPhases = (
				615584242BFD78B5004E698A /* Sources */,
				615584252BFD78B5004E698A /* Frameworks */,
				615584262BFD78B5004E698A /* Resources */,
			);
			buildRules = (
			);
			dependencies = (
			);
			name = NoteCal;
			packageProductDependencies = (
			);
			productName = CalendarApp;
			productReference = 615584282BFD78B5004E698A /* NoteCal.app */;
			productType = "com.apple.product-type.application";
		};
/* End PBXNativeTarget section */

/* Begin PBXProject section */
		615584202BFD78B5004E698A /* Project object */ = {
			isa = PBXProject;
			attributes = {
				BuildIndependentTargetsInParallel = 1;
				LastSwiftUpdateCheck = 1520;
				LastUpgradeCheck = 1520;
				TargetAttributes = {
					615584272BFD78B5004E698A = {
						CreatedOnToolsVersion = 15.2;
					};
				};
			};
			buildConfigurationList = 615584232BFD78B5004E698A /* Build configuration list for PBXProject "CalendarApp" */;
			compatibilityVersion = "Xcode 14.0";
			developmentRegion = en;
			hasScannedForEncodings = 0;
			knownRegions = (
				en,
				Base,
			);
			mainGroup = 6155841F2BFD78B5004E698A;
			packageReferences = (
			);
			productRefGroup = 615584292BFD78B5004E698A /* Products */;
			projectDirPath = "";
			projectRoot = "";
			targets = (
				615584272BFD78B5004E698A /* NoteCal */,
			);
		};
/* End PBXProject section */

/* Begin PBXResourcesBuildPhase section */
		615584262BFD78B5004E698A /* Resources */ = {
			isa = PBXResourcesBuildPhase;
			buildActionMask = 2147483647;
			files = (
				615584332BFD78B8004E698A /* Preview Assets.xcassets in Resources */,
				615584302BFD78B8004E698A /* Assets.xcassets in Resources */,
				6152D87C2C0FDB140026F8F6 /* CalendarSplash.storyboard in Resources */,
			);
			runOnlyForDeploymentPostprocessing = 0;
		};
/* End PBXResourcesBuildPhase section */

/* Begin PBXSourcesBuildPhase section */
		615584242BFD78B5004E698A /* Sources */ = {
			isa = PBXSourcesBuildPhase;
			buildActionMask = 2147483647;
			files = (
				6155842E2BFD78B5004E698A /* MainView.swift in Sources */,
				6155843E2BFDAD80004E698A /* TaskItem.swift in Sources */,
				6155843C2BFD98C5004E698A /* NewTask.swift in Sources */,
				6120918D2C112E6000B4F6B1 /* TaskDataManager.swift in Sources */,
				6155843A2BFD9863004E698A /* Task.swift in Sources */,
				6155842C2BFD78B5004E698A /* CalendarAppApp.swift in Sources */,
				615584402BFDB071004E698A /* Utils.swift in Sources */,
			);
			runOnlyForDeploymentPostprocessing = 0;
		};
/* End PBXSourcesBuildPhase section */

/* Begin XCBuildConfiguration section */
		615584342BFD78B8004E698A /* Debug */ = {
			isa = XCBuildConfiguration;
			buildSettings = {
				ALWAYS_SEARCH_USER_PATHS = NO;
				ASSETCATALOG_COMPILER_GENERATE_SWIFT_ASSET_SYMBOL_EXTENSIONS = YES;
				CLANG_ANALYZER_NONNULL = YES;
				CLANG_ANALYZER_NUMBER_OBJECT_CONVERSION = YES_AGGRESSIVE;
				CLANG_CXX_LANGUAGE_STANDARD = "gnu++20";
				CLANG_ENABLE_MODULES = YES;
				CLANG_ENABLE_OBJC_ARC = YES;
				CLANG_ENABLE_OBJC_WEAK = YES;
				CLANG_WARN_BLOCK_CAPTURE_AUTORELEASING = YES;
				CLANG_WARN_BOOL_CONVERSION = YES;
				CLANG_WARN_COMMA = YES;
				CLANG_WARN_CONSTANT_CONVERSION = YES;
				CLANG_WARN_DEPRECATED_OBJC_IMPLEMENTATIONS = YES;
				CLANG_WARN_DIRECT_OBJC_ISA_USAGE = YES_ERROR;
				CLANG_WARN_DOCUMENTATION_COMMENTS = YES;
				CLANG_WARN_EMPTY_BODY = YES;
				CLANG_WARN_ENUM_CONVERSION = YES;
				CLANG_WARN_INFINITE_RECURSION = YES;
				CLANG_WARN_INT_CONVERSION = YES;
				CLANG_WARN_NON_LITERAL_NULL_CONVERSION = YES;
				CLANG_WARN_OBJC_IMPLICIT_RETAIN_SELF = YES;
				CLANG_WARN_OBJC_LITERAL_CONVERSION = YES;
				CLANG_WARN_OBJC_ROOT_CLASS = YES_ERROR;
				CLANG_WARN_QUOTED_INCLUDE_IN_FRAMEWORK_HEADER = YES;
				CLANG_WARN_RANGE_LOOP_ANALYSIS = YES;
				CLANG_WARN_STRICT_PROTOTYPES = YES;
				CLANG_WARN_SUSPICIOUS_MOVE = YES;
				CLANG_WARN_UNGUARDED_AVAILABILITY = YES_AGGRESSIVE;
				CLANG_WARN_UNREACHABLE_CODE = YES;
				CLANG_WARN__DUPLICATE_METHOD_MATCH = YES;
				COPY_PHASE_STRIP = NO;
				DEBUG_INFORMATION_FORMAT = dwarf;
				ENABLE_STRICT_OBJC_MSGSEND = YES;
				ENABLE_TESTABILITY = YES;
				ENABLE_USER_SCRIPT_SANDBOXING = YES;
				GCC_C_LANGUAGE_STANDARD = gnu17;
				GCC_DYNAMIC_NO_PIC = NO;
				GCC_NO_COMMON_BLOCKS = YES;
				GCC_OPTIMIZATION_LEVEL = 0;
				GCC_PREPROCESSOR_DEFINITIONS = (
					"DEBUG=1",
					"$(inherited)",
				);
				GCC_WARN_64_TO_32_BIT_CONVERSION = YES;
				GCC_WARN_ABOUT_RETURN_TYPE = YES_ERROR;
				GCC_WARN_UNDECLARED_SELECTOR = YES;
				GCC_WARN_UNINITIALIZED_AUTOS = YES_AGGRESSIVE;
				GCC_WARN_UNUSED_FUNCTION = YES;
				GCC_WARN_UNUSED_VARIABLE = YES;
				IPHONEOS_DEPLOYMENT_TARGET = 17.2;
				LOCALIZATION_PREFERS_STRING_CATALOGS = YES;
				MTL_ENABLE_DEBUG_INFO = INCLUDE_SOURCE;
				MTL_FAST_MATH = YES;
				ONLY_ACTIVE_ARCH = YES;
				SDKROOT = iphoneos;
				SWIFT_ACTIVE_COMPILATION_CONDITIONS = "DEBUG $(inherited)";
				SWIFT_OPTIMIZATION_LEVEL = "-Onone";
			};
			name = Debug;
		};
		615584352BFD78B8004E698A /* Release */ = {
			isa = XCBuildConfiguration;
			buildSettings = {
				ALWAYS_SEARCH_USER_PATHS = NO;
				ASSETCATALOG_COMPILER_GENERATE_SWIFT_ASSET_SYMBOL_EXTENSIONS = YES;
				CLANG_ANALYZER_NONNULL = YES;
				CLANG_ANALYZER_NUMBER_OBJECT_CONVERSION = YES_AGGRESSIVE;
				CLANG_CXX_LANGUAGE_STANDARD = "gnu++20";
				CLANG_ENABLE_MODULES = YES;
				CLANG_ENABLE_OBJC_ARC = YES;
				CLANG_ENABLE_OBJC_WEAK = YES;
				CLANG_WARN_BLOCK_CAPTURE_AUTORELEASING = YES;
				CLANG_WARN_BOOL_CONVERSION = YES;
				CLANG_WARN_COMMA = YES;
				CLANG_WARN_CONSTANT_CONVERSION = YES;
				CLANG_WARN_DEPRECATED_OBJC_IMPLEMENTATIONS = YES;
				CLANG_WARN_DIRECT_OBJC_ISA_USAGE = YES_ERROR;
				CLANG_WARN_DOCUMENTATION_COMMENTS = YES;
				CLANG_WARN_EMPTY_BODY = YES;
				CLANG_WARN_ENUM_CONVERSION = YES;
				CLANG_WARN_INFINITE_RECURSION = YES;
				CLANG_WARN_INT_CONVERSION = YES;
				CLANG_WARN_NON_LITERAL_NULL_CONVERSION = YES;
				CLANG_WARN_OBJC_IMPLICIT_RETAIN_SELF = YES;
				CLANG_WARN_OBJC_LITERAL_CONVERSION = YES;
				CLANG_WARN_OBJC_ROOT_CLASS = YES_ERROR;
				CLANG_WARN_QUOTED_INCLUDE_IN_FRAMEWORK_HEADER = YES;
				CLANG_WARN_RANGE_LOOP_ANALYSIS = YES;
				CLANG_WARN_STRICT_PROTOTYPES = YES;
				CLANG_WARN_SUSPICIOUS_MOVE = YES;
				CLANG_WARN_UNGUARDED_AVAILABILITY = YES_AGGRESSIVE;
				CLANG_WARN_UNREACHABLE_CODE = YES;
				CLANG_WARN__DUPLICATE_METHOD_MATCH = YES;
				COPY_PHASE_STRIP = NO;
				DEBUG_INFORMATION_FORMAT = "dwarf-with-dsym";
				ENABLE_NS_ASSERTIONS = NO;
				ENABLE_STRICT_OBJC_MSGSEND = YES;
				ENABLE_USER_SCRIPT_SANDBOXING = YES;
				GCC_C_LANGUAGE_STANDARD = gnu17;
				GCC_NO_COMMON_BLOCKS = YES;
				GCC_WARN_64_TO_32_BIT_CONVERSION = YES;
				GCC_WARN_ABOUT_RETURN_TYPE = YES_ERROR;
				GCC_WARN_UNDECLARED_SELECTOR = YES;
				GCC_WARN_UNINITIALIZED_AUTOS = YES_AGGRESSIVE;
				GCC_WARN_UNUSED_FUNCTION = YES;
				GCC_WARN_UNUSED_VARIABLE = YES;
				IPHONEOS_DEPLOYMENT_TARGET = 17.2;
				LOCALIZATION_PREFERS_STRING_CATALOGS = YES;
				MTL_ENABLE_DEBUG_INFO = NO;
				MTL_FAST_MATH = YES;
				SDKROOT = iphoneos;
				SWIFT_COMPILATION_MODE = wholemodule;
				VALIDATE_PRODUCT = YES;
			};
			name = Release;
		};
		615584372BFD78B8004E698A /* Debug */ = {
			isa = XCBuildConfiguration;
			buildSettings = {
				ASSETCATALOG_COMPILER_APPICON_NAME = AppIcon;
				ASSETCATALOG_COMPILER_GLOBAL_ACCENT_COLOR_NAME = AccentColor;
				CODE_SIGN_ENTITLEMENTS = NoteCal.entitlements;
				CODE_SIGN_STYLE = Automatic;
				CURRENT_PROJECT_VERSION = 1;
				DEVELOPMENT_ASSET_PATHS = "\"CalendarApp/Preview Content\"";
				DEVELOPMENT_TEAM = DUR8QL52MQ;
				ENABLE_PREVIEWS = YES;
				GENERATE_INFOPLIST_FILE = YES;
				INFOPLIST_FILE = CalendarApp/Info.plist;
				INFOPLIST_KEY_UIApplicationSceneManifest_Generation = YES;
				INFOPLIST_KEY_UIApplicationSupportsIndirectInputEvents = YES;
				INFOPLIST_KEY_UILaunchScreen_Generation = YES;
				INFOPLIST_KEY_UILaunchStoryboardName = CalendarSplash.storyboard;
				INFOPLIST_KEY_UISupportedInterfaceOrientations_iPad = "UIInterfaceOrientationPortrait UIInterfaceOrientationPortraitUpsideDown UIInterfaceOrientationLandscapeLeft UIInterfaceOrientationLandscapeRight";
				INFOPLIST_KEY_UISupportedInterfaceOrientations_iPhone = "UIInterfaceOrientationPortrait UIInterfaceOrientationLandscapeLeft UIInterfaceOrientationLandscapeRight";
				LD_RUNPATH_SEARCH_PATHS = (
					"$(inherited)",
					"@executable_path/Frameworks",
				);
				MARKETING_VERSION = 1.0;
				PRODUCT_BUNDLE_IDENTIFIER = Rodrigo.CalendarApp;
				PRODUCT_NAME = "$(TARGET_NAME)";
				SWIFT_EMIT_LOC_STRINGS = YES;
				SWIFT_VERSION = 5.0;
				TARGETED_DEVICE_FAMILY = "1,2";
			};
			name = Debug;
		};
		615584382BFD78B8004E698A /* Release */ = {
			isa = XCBuildConfiguration;
			buildSettings = {
				ASSETCATALOG_COMPILER_APPICON_NAME = AppIcon;
				ASSETCATALOG_COMPILER_GLOBAL_ACCENT_COLOR_NAME = AccentColor;
				CODE_SIGN_ENTITLEMENTS = NoteCal.entitlements;
				CODE_SIGN_STYLE = Automatic;
				CURRENT_PROJECT_VERSION = 1;
				DEVELOPMENT_ASSET_PATHS = "\"CalendarApp/Preview Content\"";
				DEVELOPMENT_TEAM = DUR8QL52MQ;
				ENABLE_PREVIEWS = YES;
				GENERATE_INFOPLIST_FILE = YES;
				INFOPLIST_FILE = CalendarApp/Info.plist;
				INFOPLIST_KEY_UIApplicationSceneManifest_Generation = YES;
				INFOPLIST_KEY_UIApplicationSupportsIndirectInputEvents = YES;
				INFOPLIST_KEY_UILaunchScreen_Generation = YES;
				INFOPLIST_KEY_UILaunchStoryboardName = CalendarSplash.storyboard;
				INFOPLIST_KEY_UISupportedInterfaceOrientations_iPad = "UIInterfaceOrientationPortrait UIInterfaceOrientationPortraitUpsideDown UIInterfaceOrientationLandscapeLeft UIInterfaceOrientationLandscapeRight";
				INFOPLIST_KEY_UISupportedInterfaceOrientations_iPhone = "UIInterfaceOrientationPortrait UIInterfaceOrientationLandscapeLeft UIInterfaceOrientationLandscapeRight";
				LD_RUNPATH_SEARCH_PATHS = (
					"$(inherited)",
					"@executable_path/Frameworks",
				);
				MARKETING_VERSION = 1.0;
				PRODUCT_BUNDLE_IDENTIFIER = Rodrigo.CalendarApp;
				PRODUCT_NAME = "$(TARGET_NAME)";
				SWIFT_EMIT_LOC_STRINGS = YES;
				SWIFT_VERSION = 5.0;
				TARGETED_DEVICE_FAMILY = "1,2";
			};
			name = Release;
		};
/* End XCBuildConfiguration section */

/* Begin XCConfigurationList section */
		615584232BFD78B5004E698A /* Build configuration list for PBXProject "CalendarApp" */ = {
			isa = XCConfigurationList;
			buildConfigurations = (
				615584342BFD78B8004E698A /* Debug */,
				615584352BFD78B8004E698A /* Release */,
			);
			defaultConfigurationIsVisible = 0;
			defaultConfigurationName = Release;
		};
		615584362BFD78B8004E698A /* Build configuration list for PBXNativeTarget "NoteCal" */ = {
			isa = XCConfigurationList;
			buildConfigurations = (
				615584372BFD78B8004E698A /* Debug */,
				615584382BFD78B8004E698A /* Release */,
			);
			defaultConfigurationIsVisible = 0;
			defaultConfigurationName = Release;
		};
/* End XCConfigurationList section */
	};
	rootObject = 615584202BFD78B5004E698A /* Project object */;
}
